
Microsoft Visual Studio Solution File, Format Version 12.00
# Visual Studio 14
VisualStudioVersion = 14.0.25420.1
MinimumVisualStudioVersion = 10.0.40219.1
Project("{8BC9CEB8-8B4A-11D0-8D11-00A0C91BC942}") = "LimXL", "LimXL.vcxproj", "{A9DE68FF-8411-44E2-950D-61A76C885B93}"
EndProject
Project("{8BC9CEB8-8B4A-11D0-8D11-00A0C91BC942}") = "unittest", "build\unittest\unittest.vcxproj", "{5D654986-ECD7-4AF8-8708-8949AE7A0BBE}"
EndProject
Project("{8BC9CEB8-8B4A-11D0-8D11-00A0C91BC942}") = "cli", "build\cli\cli.vcxproj", "{69CDC333-5E8C-4A24-A030-7BF4090AFFB6}"
EndProject
Global
	GlobalSection(SolutionConfigurationPlatforms) = preSolution
		Debug|x64 = Debug|x64
		Debug|x86 = Debug|x86
		MinSizeRel|x64 = MinSizeRel|x64
		MinSizeRel|x86 = MinSizeRel|x86
		Release|x64 = Release|x64
		Release|x86 = Release|x86
		RelWithDebInfo|x64 = RelWithDebInfo|x64
		RelWithDebInfo|x86 = RelWithDebInfo|x86
	EndGlobalSection
	GlobalSection(ProjectConfigurationPlatforms) = postSolution
		{A9DE68FF-8411-44E2-950D-61A76C885B93}.Debug|x64.ActiveCfg = Debug|x64
		{A9DE68FF-8411-44E2-950D-61A76C885B93}.Debug|x64.Build.0 = Debug|x64
		{A9DE68FF-8411-44E2-950D-61A76C885B93}.Debug|x86.ActiveCfg = Debug|Win32
		{A9DE68FF-8411-44E2-950D-61A76C885B93}.Debug|x86.Build.0 = Debug|Win32
		{A9DE68FF-8411-44E2-950D-61A76C885B93}.MinSizeRel|x64.ActiveCfg = Release|x64
		{A9DE68FF-8411-44E2-950D-61A76C885B93}.MinSizeRel|x64.Build.0 = Release|x64
		{A9DE68FF-8411-44E2-950D-61A76C885B93}.MinSizeRel|x86.ActiveCfg = Release|Win32
		{A9DE68FF-8411-44E2-950D-61A76C885B93}.MinSizeRel|x86.Build.0 = Release|Win32
		{A9DE68FF-8411-44E2-950D-61A76C885B93}.Release|x64.ActiveCfg = Release|x64
		{A9DE68FF-8411-44E2-950D-61A76C885B93}.Release|x64.Build.0 = Release|x64
		{A9DE68FF-8411-44E2-950D-61A76C885B93}.Release|x86.ActiveCfg = Release|Win32
		{A9DE68FF-8411-44E2-950D-61A76C885B93}.Release|x86.Build.0 = Release|Win32
		{A9DE68FF-8411-44E2-950D-61A76C885B93}.RelWithDebInfo|x64.ActiveCfg = Release|x64
		{A9DE68FF-8411-44E2-950D-61A76C885B93}.RelWithDebInfo|x64.Build.0 = Release|x64
		{A9DE68FF-8411-44E2-950D-61A76C885B93}.RelWithDebInfo|x86.ActiveCfg = Release|Win32
		{A9DE68FF-8411-44E2-950D-61A76C885B93}.RelWithDebInfo|x86.Build.0 = Release|Win32
		{5D654986-ECD7-4AF8-8708-8949AE7A0BBE}.Debug|x64.ActiveCfg = Debug|x64
		{5D654986-ECD7-4AF8-8708-8949AE7A0BBE}.Debug|x64.Build.0 = Debug|x64
		{5D654986-ECD7-4AF8-8708-8949AE7A0BBE}.Debug|x86.ActiveCfg = Debug|Win32
		{5D654986-ECD7-4AF8-8708-8949AE7A0BBE}.Debug|x86.Build.0 = Debug|Win32
		{5D654986-ECD7-4AF8-8708-8949AE7A0BBE}.MinSizeRel|x64.ActiveCfg = Release|x64
		{5D654986-ECD7-4AF8-8708-8949AE7A0BBE}.MinSizeRel|x64.Build.0 = Release|x64
		{5D654986-ECD7-4AF8-8708-8949AE7A0BBE}.MinSizeRel|x86.ActiveCfg = Release|Win32
		{5D654986-ECD7-4AF8-8708-8949AE7A0BBE}.MinSizeRel|x86.Build.0 = Release|Win32
		{5D654986-ECD7-4AF8-8708-8949AE7A0BBE}.Release|x64.ActiveCfg = Release|x64
		{5D654986-ECD7-4AF8-8708-8949AE7A0BBE}.Release|x64.Build.0 = Release|x64
		{5D654986-ECD7-4AF8-8708-8949AE7A0BBE}.Release|x86.ActiveCfg = Release|Win32
		{5D654986-ECD7-4AF8-8708-8949AE7A0BBE}.Release|x86.Build.0 = Release|Win32
		{5D654986-ECD7-4AF8-8708-8949AE7A0BBE}.RelWithDebInfo|x64.ActiveCfg = Release|x64
		{5D654986-ECD7-4AF8-8708-8949AE7A0BBE}.RelWithDebInfo|x64.Build.0 = Release|x64
		{5D654986-ECD7-4AF8-8708-8949AE7A0BBE}.RelWithDebInfo|x86.ActiveCfg = Release|Win32
		{5D654986-ECD7-4AF8-8708-8949AE7A0BBE}.RelWithDebInfo|x86.Build.0 = Release|Win32
		{69CDC333-5E8C-4A24-A030-7BF4090AFFB6}.Debug|x64.ActiveCfg = Debug|x64
		{69CDC333-5E8C-4A24-A030-7BF4090AFFB6}.Debug|x64.Build.0 = Debug|x64
		{69CDC333-5E8C-4A24-A030-7BF4090AFFB6}.Debug|x86.ActiveCfg = Debug|Win32
		{69CDC333-5E8C-4A24-A030-7BF4090AFFB6}.Debug|x86.Build.0 = Debug|Win32
		{69CDC333-5E8C-4A24-A030-7BF4090AFFB6}.MinSizeRel|x64.ActiveCfg = Release|x64
		{69CDC333-5E8C-4A24-A030-7BF4090AFFB6}.MinSizeRel|x64.Build.0 = Release|x64
		{69CDC333-5E8C-4A24-A030-7BF4090AFFB6}.MinSizeRel|x86.ActiveCfg = Release|Win32
		{69CDC333-5E8C-4A24-A030-7BF4090AFFB6}.MinSizeRel|x86.Build.0 = Release|Win32
		{69CDC333-5E8C-4A24-A030-7BF4090AFFB6}.Release|x64.ActiveCfg = Release|x64
		{69CDC333-5E8C-4A24-A030-7BF4090AFFB6}.Release|x64.Build.0 = Release|x64
		{69CDC333-5E8C-4A24-A030-7BF4090AFFB6}.Release|x86.ActiveCfg = Release|Win32
		{69CDC333-5E8C-4A24-A030-7BF4090AFFB6}.Release|x86.Build.0 = Release|Win32
		{69CDC333-5E8C-4A24-A030-7BF4090AFFB6}.RelWithDebInfo|x64.ActiveCfg = Release|x64
		{69CDC333-5E8C-4A24-A030-7BF4090AFFB6}.RelWithDebInfo|x64.Build.0 = Release|x64
		{69CDC333-5E8C-4A24-A030-7BF4090AFFB6}.RelWithDebInfo|x86.ActiveCfg = Release|Win32
		{69CDC333-5E8C-4A24-A030-7BF4090AFFB6}.RelWithDebInfo|x86.Build.0 = Release|Win32
	EndGlobalSection
	GlobalSection(SolutionProperties) = preSolution
		HideSolutionNode = FALSE
	EndGlobalSection
EndGlobal
